// !$*UTF8*$!
{
	archiveVersion = 1;
	classes = {
	};
	objectVersion = 56;
	objects = {

/* Begin PBXBuildFile section */
		885F220C2CF45C1200373D97 /* Login.swift in Sources */ = {isa = PBXBuildFile; fileRef = 885F220B2CF45C1200373D97 /* Login.swift */; };
		88725C8B2B905E5500FA9285 /* GymBroApp.swift in Sources */ = {isa = PBXBuildFile; fileRef = 88725C8A2B905E5500FA9285 /* GymBroApp.swift */; };
		88725C8D2B905E5500FA9285 /* ContentView.swift in Sources */ = {isa = PBXBuildFile; fileRef = 88725C8C2B905E5500FA9285 /* ContentView.swift */; };
		88725C8F2B905E5600FA9285 /* Assets.xcassets in Resources */ = {isa = PBXBuildFile; fileRef = 88725C8E2B905E5600FA9285 /* Assets.xcassets */; };
		88725C922B905E5600FA9285 /* Preview Assets.xcassets in Resources */ = {isa = PBXBuildFile; fileRef = 88725C912B905E5600FA9285 /* Preview Assets.xcassets */; };
		88725C9C2B905E5600FA9285 /* GymBroTests.swift in Sources */ = {isa = PBXBuildFile; fileRef = 88725C9B2B905E5600FA9285 /* GymBroTests.swift */; };
		88725CA62B905E5600FA9285 /* GymBroUITests.swift in Sources */ = {isa = PBXBuildFile; fileRef = 88725CA52B905E5600FA9285 /* GymBroUITests.swift */; };
		88725CA82B905E5600FA9285 /* GymBroUITestsLaunchTests.swift in Sources */ = {isa = PBXBuildFile; fileRef = 88725CA72B905E5600FA9285 /* GymBroUITestsLaunchTests.swift */; };
/* End PBXBuildFile section */

/* Begin PBXContainerItemProxy section */
		88725C982B905E5600FA9285 /* PBXContainerItemProxy */ = {
			isa = PBXContainerItemProxy;
			containerPortal = 88725C7F2B905E5500FA9285 /* Project object */;
			proxyType = 1;
			remoteGlobalIDString = 88725C862B905E5500FA9285;
			remoteInfo = GymBro;
		};
		88725CA22B905E5600FA9285 /* PBXContainerItemProxy */ = {
			isa = PBXContainerItemProxy;
			containerPortal = 88725C7F2B905E5500FA9285 /* Project object */;
			proxyType = 1;
			remoteGlobalIDString = 88725C862B905E5500FA9285;
			remoteInfo = GymBro;
		};
/* End PBXContainerItemProxy section */

/* Begin PBXFileReference section */
		885F220B2CF45C1200373D97 /* Login.swift */ = {isa = PBXFileReference; lastKnownFileType = sourcecode.swift; path = Login.swift; sourceTree = "<group>"; };
		88725C872B905E5500FA9285 /* GymBro.app */ = {isa = PBXFileReference; explicitFileType = wrapper.application; includeInIndex = 0; path = GymBro.app; sourceTree = BUILT_PRODUCTS_DIR; };
		88725C8A2B905E5500FA9285 /* GymBroApp.swift */ = {isa = PBXFileReference; lastKnownFileType = sourcecode.swift; path = GymBroApp.swift; sourceTree = "<group>"; };
		88725C8C2B905E5500FA9285 /* ContentView.swift */ = {isa = PBXFileReference; lastKnownFileType = sourcecode.swift; path = ContentView.swift; sourceTree = "<group>"; };
		88725C8E2B905E5600FA9285 /* Assets.xcassets */ = {isa = PBXFileReference; lastKnownFileType = folder.assetcatalog; path = Assets.xcassets; sourceTree = "<group>"; };
		88725C912B905E5600FA9285 /* Preview Assets.xcassets */ = {isa = PBXFileReference; lastKnownFileType = folder.assetcatalog; path = "Preview Assets.xcassets"; sourceTree = "<group>"; };
		88725C972B905E5600FA9285 /* GymBroTests.xctest */ = {isa = PBXFileReference; explicitFileType = wrapper.cfbundle; includeInIndex = 0; path = GymBroTests.xctest; sourceTree = BUILT_PRODUCTS_DIR; };
		88725C9B2B905E5600FA9285 /* GymBroTests.swift */ = {isa = PBXFileReference; lastKnownFileType = sourcecode.swift; path = GymBroTests.swift; sourceTree = "<group>"; };
		88725CA12B905E5600FA9285 /* GymBroUITests.xctest */ = {isa = PBXFileReference; explicitFileType = wrapper.cfbundle; includeInIndex = 0; path = GymBroUITests.xctest; sourceTree = BUILT_PRODUCTS_DIR; };
		88725CA52B905E5600FA9285 /* GymBroUITests.swift */ = {isa = PBXFileReference; lastKnownFileType = sourcecode.swift; path = GymBroUITests.swift; sourceTree = "<group>"; };
		88725CA72B905E5600FA9285 /* GymBroUITestsLaunchTests.swift */ = {isa = PBXFileReference; lastKnownFileType = sourcecode.swift; path = GymBroUITestsLaunchTests.swift; sourceTree = "<group>"; };
/* End PBXFileReference section */

/* Begin PBXFrameworksBuildPhase section */
		88725C842B905E5500FA9285 /* Frameworks */ = {
			isa = PBXFrameworksBuildPhase;
			buildActionMask = 2147483647;
			files = (
			);
			runOnlyForDeploymentPostprocessing = 0;
		};
		88725C942B905E5600FA9285 /* Frameworks */ = {
			isa = PBXFrameworksBuildPhase;
			buildActionMask = 2147483647;
			files = (
			);
			runOnlyForDeploymentPostprocessing = 0;
		};
		88725C9E2B905E5600FA9285 /* Frameworks */ = {
			isa = PBXFrameworksBuildPhase;
			buildActionMask = 2147483647;
			files = (
			);
			runOnlyForDeploymentPostprocessing = 0;
		};
/* End PBXFrameworksBuildPhase section */

/* Begin PBXGroup section */
		88725C7E2B905E5500FA9285 = {
			isa = PBXGroup;
			children = (
				88725C892B905E5500FA9285 /* GymBro */,
				88725C9A2B905E5600FA9285 /* GymBroTests */,
				88725CA42B905E5600FA9285 /* GymBroUITests */,
				88725C882B905E5500FA9285 /* Products */,
			);
			sourceTree = "<group>";
		};
		88725C882B905E5500FA9285 /* Products */ = {
			isa = PBXGroup;
			children = (
				88725C872B905E5500FA9285 /* GymBro.app */,
				88725C972B905E5600FA9285 /* GymBroTests.xctest */,
				88725CA12B905E5600FA9285 /* GymBroUITests.xctest */,
			);
			name = Products;
			sourceTree = "<group>";
		};
		88725C892B905E5500FA9285 /* GymBro */ = {
			isa = PBXGroup;
			children = (
				88725C8A2B905E5500FA9285 /* GymBroApp.swift */,
				88725C8C2B905E5500FA9285 /* ContentView.swift */,
				88725C8E2B905E5600FA9285 /* Assets.xcassets */,
				88725C902B905E5600FA9285 /* Preview Content */,
				885F220B2CF45C1200373D97 /* Login.swift */,
			);
			path = GymBro;
			sourceTree = "<group>";
		};
		88725C902B905E5600FA9285 /* Preview Content */ = {
			isa = PBXGroup;
			children = (
				88725C912B905E5600FA9285 /* Preview Assets.xcassets */,
			);
			path = "Preview Content";
			sourceTree = "<group>";
		};
		88725C9A2B905E5600FA9285 /* GymBroTests */ = {
			isa = PBXGroup;
			children = (
				88725C9B2B905E5600FA9285 /* GymBroTests.swift */,
			);
			path = GymBroTests;
			sourceTree = "<group>";
		};
		88725CA42B905E5600FA9285 /* GymBroUITests */ = {
			isa = PBXGroup;
			children = (
				88725CA52B905E5600FA9285 /* GymBroUITests.swift */,
				88725CA72B905E5600FA9285 /* GymBroUITestsLaunchTests.swift */,
			);
			path = GymBroUITests;
			sourceTree = "<group>";
		};
/* End PBXGroup section */

/* Begin PBXNativeTarget section */
		88725C862B905E5500FA9285 /* GymBro */ = {
			isa = PBXNativeTarget;
			buildConfigurationList = 88725CAB2B905E5600FA9285 /* Build configuration list for PBXNativeTarget "GymBro" */;
			buildPhases = (
				88725C832B905E5500FA9285 /* Sources */,
				88725C842B905E5500FA9285 /* Frameworks */,
				88725C852B905E5500FA9285 /* Resources */,
			);
			buildRules = (
			);
			dependencies = (
			);
			name = GymBro;
			productName = GymBro;
			productReference = 88725C872B905E5500FA9285 /* GymBro.app */;
			productType = "com.apple.product-type.application";
		};
		88725C962B905E5600FA9285 /* GymBroTests */ = {
			isa = PBXNativeTarget;
			buildConfigurationList = 88725CAE2B905E5600FA9285 /* Build configuration list for PBXNativeTarget "GymBroTests" */;
			buildPhases = (
				88725C932B905E5600FA9285 /* Sources */,
				88725C942B905E5600FA9285 /* Frameworks */,
				88725C952B905E5600FA9285 /* Resources */,
			);
			buildRules = (
			);
			dependencies = (
				88725C992B905E5600FA9285 /* PBXTargetDependency */,
			);
			name = GymBroTests;
			productName = GymBroTests;
			productReference = 88725C972B905E5600FA9285 /* GymBroTests.xctest */;
			productType = "com.apple.product-type.bundle.unit-test";
		};
		88725CA02B905E5600FA9285 /* GymBroUITests */ = {
			isa = PBXNativeTarget;
			buildConfigurationList = 88725CB12B905E5600FA9285 /* Build configuration list for PBXNativeTarget "GymBroUITests" */;
			buildPhases = (
				88725C9D2B905E5600FA9285 /* Sources */,
				88725C9E2B905E5600FA9285 /* Frameworks */,
				88725C9F2B905E5600FA9285 /* Resources */,
			);
			buildRules = (
			);
			dependencies = (
				88725CA32B905E5600FA9285 /* PBXTargetDependency */,
			);
			name = GymBroUITests;
			productName = GymBroUITests;
			productReference = 88725CA12B905E5600FA9285 /* GymBroUITests.xctest */;
			productType = "com.apple.product-type.bundle.ui-testing";
		};
/* End PBXNativeTarget section */

/* Begin PBXProject section */
		88725C7F2B905E5500FA9285 /* Project object */ = {
			isa = PBXProject;
			attributes = {
				BuildIndependentTargetsInParallel = 1;
				LastSwiftUpdateCheck = 1520;
				LastUpgradeCheck = 1610;
				TargetAttributes = {
					88725C862B905E5500FA9285 = {
						CreatedOnToolsVersion = 15.2;
					};
					88725C962B905E5600FA9285 = {
						CreatedOnToolsVersion = 15.2;
						TestTargetID = 88725C862B905E5500FA9285;
					};
					88725CA02B905E5600FA9285 = {
						CreatedOnToolsVersion = 15.2;
						TestTargetID = 88725C862B905E5500FA9285;
					};
				};
			};
			buildConfigurationList = 88725C822B905E5500FA9285 /* Build configuration list for PBXProject "GymBro" */;
			compatibilityVersion = "Xcode 14.0";
			developmentRegion = en;
			hasScannedForEncodings = 0;
			knownRegions = (
				en,
				Base,
			);
			mainGroup = 88725C7E2B905E5500FA9285;
			productRefGroup = 88725C882B905E5500FA9285 /* Products */;
			projectDirPath = "";
			projectRoot = "";
			targets = (
				88725C862B905E5500FA9285 /* GymBro */,
				88725C962B905E5600FA9285 /* GymBroTests */,
				88725CA02B905E5600FA9285 /* GymBroUITests */,
			);
		};
/* End PBXProject section */

/* Begin PBXResourcesBuildPhase section */
		88725C852B905E5500FA9285 /* Resources */ = {
			isa = PBXResourcesBuildPhase;
			buildActionMask = 2147483647;
			files = (
				88725C922B905E5600FA9285 /* Preview Assets.xcassets in Resources */,
				88725C8F2B905E5600FA9285 /* Assets.xcassets in Resources */,
			);
			runOnlyForDeploymentPostprocessing = 0;
		};
		88725C952B905E5600FA9285 /* Resources */ = {
			isa = PBXResourcesBuildPhase;
			buildActionMask = 2147483647;
			files = (
			);
			runOnlyForDeploymentPostprocessing = 0;
		};
		88725C9F2B905E5600FA9285 /* Resources */ = {
			isa = PBXResourcesBuildPhase;
			buildActionMask = 2147483647;
			files = (
			);
			runOnlyForDeploymentPostprocessing = 0;
		};
/* End PBXResourcesBuildPhase section */

/* Begin PBXSourcesBuildPhase section */
		88725C832B905E5500FA9285 /* Sources */ = {
			isa = PBXSourcesBuildPhase;
			buildActionMask = 2147483647;
			files = (
				885F220C2CF45C1200373D97 /* Login.swift in Sources */,
				88725C8D2B905E5500FA9285 /* ContentView.swift in Sources */,
				88725C8B2B905E5500FA9285 /* GymBroApp.swift in Sources */,
			);
			runOnlyForDeploymentPostprocessing = 0;
		};
		88725C932B905E5600FA9285 /* Sources */ = {
			isa = PBXSourcesBuildPhase;
			buildActionMask = 2147483647;
			files = (
				88725C9C2B905E5600FA9285 /* GymBroTests.swift in Sources */,
			);
			runOnlyForDeploymentPostprocessing = 0;
		};
		88725C9D2B905E5600FA9285 /* Sources */ = {
			isa = PBXSourcesBuildPhase;
			buildActionMask = 2147483647;
			files = (
				88725CA82B905E5600FA9285 /* GymBroUITestsLaunchTests.swift in Sources */,
				88725CA62B905E5600FA9285 /* GymBroUITests.swift in Sources */,
			);
			runOnlyForDeploymentPostprocessing = 0;
		};
/* End PBXSourcesBuildPhase section */

/* Begin PBXTargetDependency section */
		88725C992B905E5600FA9285 /* PBXTargetDependency */ = {
			isa = PBXTargetDependency;
			target = 88725C862B905E5500FA9285 /* GymBro */;
			targetProxy = 88725C982B905E5600FA9285 /* PBXContainerItemProxy */;
		};
		88725CA32B905E5600FA9285 /* PBXTargetDependency */ = {
			isa = PBXTargetDependency;
			target = 88725C862B905E5500FA9285 /* GymBro */;
			targetProxy = 88725CA22B905E5600FA9285 /* PBXContainerItemProxy */;
		};
/* End PBXTargetDependency section */

/* Begin XCBuildConfiguration section */
		88725CA92B905E5600FA9285 /* Debug */ = {
			isa = XCBuildConfiguration;
			buildSettings = {
				ALWAYS_SEARCH_USER_PATHS = NO;
				ASSETCATALOG_COMPILER_GENERATE_SWIFT_ASSET_SYMBOL_EXTENSIONS = YES;
				CLANG_ANALYZER_NONNULL = YES;
				CLANG_ANALYZER_NUMBER_OBJECT_CONVERSION = YES_AGGRESSIVE;
				CLANG_CXX_LANGUAGE_STANDARD = "gnu++20";
				CLANG_ENABLE_MODULES = YES;
				CLANG_ENABLE_OBJC_ARC = YES;
				CLANG_ENABLE_OBJC_WEAK = YES;
				CLANG_WARN_BLOCK_CAPTURE_AUTORELEASING = YES;
				CLANG_WARN_BOOL_CONVERSION = YES;
				CLANG_WARN_COMMA = YES;
				CLANG_WARN_CONSTANT_CONVERSION = YES;
				CLANG_WARN_DEPRECATED_OBJC_IMPLEMENTATIONS = YES;
				CLANG_WARN_DIRECT_OBJC_ISA_USAGE = YES_ERROR;
				CLANG_WARN_DOCUMENTATION_COMMENTS = YES;
				CLANG_WARN_EMPTY_BODY = YES;
				CLANG_WARN_ENUM_CONVERSION = YES;
				CLANG_WARN_INFINITE_RECURSION = YES;
				CLANG_WARN_INT_CONVERSION = YES;
				CLANG_WARN_NON_LITERAL_NULL_CONVERSION = YES;
				CLANG_WARN_OBJC_IMPLICIT_RETAIN_SELF = YES;
				CLANG_WARN_OBJC_LITERAL_CONVERSION = YES;
				CLANG_WARN_OBJC_ROOT_CLASS = YES_ERROR;
				CLANG_WARN_QUOTED_INCLUDE_IN_FRAMEWORK_HEADER = YES;
				CLANG_WARN_RANGE_LOOP_ANALYSIS = YES;
				CLANG_WARN_STRICT_PROTOTYPES = YES;
				CLANG_WARN_SUSPICIOUS_MOVE = YES;
				CLANG_WARN_UNGUARDED_AVAILABILITY = YES_AGGRESSIVE;
				CLANG_WARN_UNREACHABLE_CODE = YES;
				CLANG_WARN__DUPLICATE_METHOD_MATCH = YES;
				COPY_PHASE_STRIP = NO;
				DEBUG_INFORMATION_FORMAT = dwarf;
				ENABLE_STRICT_OBJC_MSGSEND = YES;
				ENABLE_TESTABILITY = YES;
				ENABLE_USER_SCRIPT_SANDBOXING = YES;
				GCC_C_LANGUAGE_STANDARD = gnu17;
				GCC_DYNAMIC_NO_PIC = NO;
				GCC_NO_COMMON_BLOCKS = YES;
				GCC_OPTIMIZATION_LEVEL = 0;
				GCC_PREPROCESSOR_DEFINITIONS = (
					"DEBUG=1",
					"$(inherited)",
				);
				GCC_WARN_64_TO_32_BIT_CONVERSION = YES;
				GCC_WARN_ABOUT_RETURN_TYPE = YES_ERROR;
				GCC_WARN_UNDECLARED_SELECTOR = YES;
				GCC_WARN_UNINITIALIZED_AUTOS = YES_AGGRESSIVE;
				GCC_WARN_UNUSED_FUNCTION = YES;
				GCC_WARN_UNUSED_VARIABLE = YES;
				IPHONEOS_DEPLOYMENT_TARGET = 17.2;
				LOCALIZATION_PREFERS_STRING_CATALOGS = YES;
				MTL_ENABLE_DEBUG_INFO = INCLUDE_SOURCE;
				MTL_FAST_MATH = YES;
				ONLY_ACTIVE_ARCH = YES;
				SDKROOT = iphoneos;
				SWIFT_ACTIVE_COMPILATION_CONDITIONS = "DEBUG $(inherited)";
				SWIFT_OPTIMIZATION_LEVEL = "-Onone";
			};
			name = Debug;
		};
		88725CAA2B905E5600FA9285 /* Release */ = {
			isa = XCBuildConfiguration;
			buildSettings = {
				ALWAYS_SEARCH_USER_PATHS = NO;
				ASSETCATALOG_COMPILER_GENERATE_SWIFT_ASSET_SYMBOL_EXTENSIONS = YES;
				CLANG_ANALYZER_NONNULL = YES;
				CLANG_ANALYZER_NUMBER_OBJECT_CONVERSION = YES_AGGRESSIVE;
				CLANG_CXX_LANGUAGE_STANDARD = "gnu++20";
				CLANG_ENABLE_MODULES = YES;
				CLANG_ENABLE_OBJC_ARC = YES;
				CLANG_ENABLE_OBJC_WEAK = YES;
				CLANG_WARN_BLOCK_CAPTURE_AUTORELEASING = YES;
				CLANG_WARN_BOOL_CONVERSION = YES;
				CLANG_WARN_COMMA = YES;
				CLANG_WARN_CONSTANT_CONVERSION = YES;
				CLANG_WARN_DEPRECATED_OBJC_IMPLEMENTATIONS = YES;
				CLANG_WARN_DIRECT_OBJC_ISA_USAGE = YES_ERROR;
				CLANG_WARN_DOCUMENTATION_COMMENTS = YES;
				CLANG_WARN_EMPTY_BODY = YES;
				CLANG_WARN_ENUM_CONVERSION = YES;
				CLANG_WARN_INFINITE_RECURSION = YES;
				CLANG_WARN_INT_CONVERSION = YES;
				CLANG_WARN_NON_LITERAL_NULL_CONVERSION = YES;
				CLANG_WARN_OBJC_IMPLICIT_RETAIN_SELF = YES;
				CLANG_WARN_OBJC_LITERAL_CONVERSION = YES;
				CLANG_WARN_OBJC_ROOT_CLASS = YES_ERROR;
				CLANG_WARN_QUOTED_INCLUDE_IN_FRAMEWORK_HEADER = YES;
				CLANG_WARN_RANGE_LOOP_ANALYSIS = YES;
				CLANG_WARN_STRICT_PROTOTYPES = YES;
				CLANG_WARN_SUSPICIOUS_MOVE = YES;
				CLANG_WARN_UNGUARDED_AVAILABILITY = YES_AGGRESSIVE;
				CLANG_WARN_UNREACHABLE_CODE = YES;
				CLANG_WARN__DUPLICATE_METHOD_MATCH = YES;
				COPY_PHASE_STRIP = NO;
				DEBUG_INFORMATION_FORMAT = "dwarf-with-dsym";
				ENABLE_NS_ASSERTIONS = NO;
				ENABLE_STRICT_OBJC_MSGSEND = YES;
				ENABLE_USER_SCRIPT_SANDBOXING = YES;
				GCC_C_LANGUAGE_STANDARD = gnu17;
				GCC_NO_COMMON_BLOCKS = YES;
				GCC_WARN_64_TO_32_BIT_CONVERSION = YES;
				GCC_WARN_ABOUT_RETURN_TYPE = YES_ERROR;
				GCC_WARN_UNDECLARED_SELECTOR = YES;
				GCC_WARN_UNINITIALIZED_AUTOS = YES_AGGRESSIVE;
				GCC_WARN_UNUSED_FUNCTION = YES;
				GCC_WARN_UNUSED_VARIABLE = YES;
				IPHONEOS_DEPLOYMENT_TARGET = 17.2;
				LOCALIZATION_PREFERS_STRING_CATALOGS = YES;
				MTL_ENABLE_DEBUG_INFO = NO;
				MTL_FAST_MATH = YES;
				SDKROOT = iphoneos;
				SWIFT_COMPILATION_MODE = wholemodule;
				VALIDATE_PRODUCT = YES;
			};
			name = Release;
		};
		88725CAC2B905E5600FA9285 /* Debug */ = {
			isa = XCBuildConfiguration;
			buildSettings = {
				ASSETCATALOG_COMPILER_APPICON_NAME = AppIcon;
				ASSETCATALOG_COMPILER_GLOBAL_ACCENT_COLOR_NAME = AccentColor;
				CODE_SIGN_STYLE = Automatic;
				CURRENT_PROJECT_VERSION = 1;
				DEVELOPMENT_ASSET_PATHS = "\"GymBro/Preview Content\"";
				DEVELOPMENT_TEAM = "";
				ENABLE_PREVIEWS = YES;
				GENERATE_INFOPLIST_FILE = YES;
				INFOPLIST_KEY_UIApplicationSceneManifest_Generation = YES;
				INFOPLIST_KEY_UIApplicationSupportsIndirectInputEvents = YES;
				INFOPLIST_KEY_UILaunchScreen_Generation = YES;
				INFOPLIST_KEY_UISupportedInterfaceOrientations_iPad = "UIInterfaceOrientationPortrait UIInterfaceOrientationPortraitUpsideDown UIInterfaceOrientationLandscapeLeft UIInterfaceOrientationLandscapeRight";
				INFOPLIST_KEY_UISupportedInterfaceOrientations_iPhone = "UIInterfaceOrientationPortrait UIInterfaceOrientationLandscapeLeft UIInterfaceOrientationLandscapeRight";
				LD_RUNPATH_SEARCH_PATHS = (
					"$(inherited)",
					"@executable_path/Frameworks",
				);
				MARKETING_VERSION = 1.0;
				PRODUCT_BUNDLE_IDENTIFIER = zoravermalhotra.GymBro;
				PRODUCT_NAME = "$(TARGET_NAME)";
				SWIFT_EMIT_LOC_STRINGS = YES;
				SWIFT_VERSION = 5.0;
				TARGETED_DEVICE_FAMILY = "1,2";
			};
			name = Debug;
		};
		88725CAD2B905E5600FA9285 /* Release */ = {
			isa = XCBuildConfiguration;
			buildSettings = {
				ASSETCATALOG_COMPILER_APPICON_NAME = AppIcon;
				ASSETCATALOG_COMPILER_GLOBAL_ACCENT_COLOR_NAME = AccentColor;
				CODE_SIGN_STYLE = Automatic;
				CURRENT_PROJECT_VERSION = 1;
				DEVELOPMENT_ASSET_PATHS = "\"GymBro/Preview Content\"";
				DEVELOPMENT_TEAM = "";
				ENABLE_PREVIEWS = YES;
				GENERATE_INFOPLIST_FILE = YES;
				INFOPLIST_KEY_UIApplicationSceneManifest_Generation = YES;
				INFOPLIST_KEY_UIApplicationSupportsIndirectInputEvents = YES;
				INFOPLIST_KEY_UILaunchScreen_Generation = YES;
				INFOPLIST_KEY_UISupportedInterfaceOrientations_iPad = "UIInterfaceOrientationPortrait UIInterfaceOrientationPortraitUpsideDown UIInterfaceOrientationLandscapeLeft UIInterfaceOrientationLandscapeRight";
				INFOPLIST_KEY_UISupportedInterfaceOrientations_iPhone = "UIInterfaceOrientationPortrait UIInterfaceOrientationLandscapeLeft UIInterfaceOrientationLandscapeRight";
				LD_RUNPATH_SEARCH_PATHS = (
					"$(inherited)",
					"@executable_path/Frameworks",
				);
				MARKETING_VERSION = 1.0;
				PRODUCT_BUNDLE_IDENTIFIER = zoravermalhotra.GymBro;
				PRODUCT_NAME = "$(TARGET_NAME)";
				SWIFT_EMIT_LOC_STRINGS = YES;
				SWIFT_VERSION = 5.0;
				TARGETED_DEVICE_FAMILY = "1,2";
			};
			name = Release;
		};
		88725CAF2B905E5600FA9285 /* Debug */ = {
			isa = XCBuildConfiguration;
			buildSettings = {
				BUNDLE_LOADER = "$(TEST_HOST)";
				CODE_SIGN_STYLE = Automatic;
				CURRENT_PROJECT_VERSION = 1;
				GENERATE_INFOPLIST_FILE = YES;
				IPHONEOS_DEPLOYMENT_TARGET = 17.2;
				MARKETING_VERSION = 1.0;
				PRODUCT_BUNDLE_IDENTIFIER = zoravermalhotra.GymBroTests;
				PRODUCT_NAME = "$(TARGET_NAME)";
				SWIFT_EMIT_LOC_STRINGS = NO;
				SWIFT_VERSION = 5.0;
				TARGETED_DEVICE_FAMILY = "1,2";
				TEST_HOST = "$(BUILT_PRODUCTS_DIR)/GymBro.app/$(BUNDLE_EXECUTABLE_FOLDER_PATH)/GymBro";
			};
			name = Debug;
		};
		88725CB02B905E5600FA9285 /* Release */ = {
			isa = XCBuildConfiguration;
			buildSettings = {
				BUNDLE_LOADER = "$(TEST_HOST)";
				CODE_SIGN_STYLE = Automatic;
				CURRENT_PROJECT_VERSION = 1;
				GENERATE_INFOPLIST_FILE = YES;
				IPHONEOS_DEPLOYMENT_TARGET = 17.2;
				MARKETING_VERSION = 1.0;
				PRODUCT_BUNDLE_IDENTIFIER = zoravermalhotra.GymBroTests;
				PRODUCT_NAME = "$(TARGET_NAME)";
				SWIFT_EMIT_LOC_STRINGS = NO;
				SWIFT_VERSION = 5.0;
				TARGETED_DEVICE_FAMILY = "1,2";
				TEST_HOST = "$(BUILT_PRODUCTS_DIR)/GymBro.app/$(BUNDLE_EXECUTABLE_FOLDER_PATH)/GymBro";
			};
			name = Release;
		};
		88725CB22B905E5600FA9285 /* Debug */ = {
			isa = XCBuildConfiguration;
			buildSettings = {
				CODE_SIGN_STYLE = Automatic;
				CURRENT_PROJECT_VERSION = 1;
				GENERATE_INFOPLIST_FILE = YES;
				MARKETING_VERSION = 1.0;
				PRODUCT_BUNDLE_IDENTIFIER = zoravermalhotra.GymBroUITests;
				PRODUCT_NAME = "$(TARGET_NAME)";
				SWIFT_EMIT_LOC_STRINGS = NO;
				SWIFT_VERSION = 5.0;
				TARGETED_DEVICE_FAMILY = "1,2";
				TEST_TARGET_NAME = GymBro;
			};
			name = Debug;
		};
		88725CB32B905E5600FA9285 /* Release */ = {
			isa = XCBuildConfiguration;
			buildSettings = {
				CODE_SIGN_STYLE = Automatic;
				CURRENT_PROJECT_VERSION = 1;
				GENERATE_INFOPLIST_FILE = YES;
				MARKETING_VERSION = 1.0;
				PRODUCT_BUNDLE_IDENTIFIER = zoravermalhotra.GymBroUITests;
				PRODUCT_NAME = "$(TARGET_NAME)";
				SWIFT_EMIT_LOC_STRINGS = NO;
				SWIFT_VERSION = 5.0;
				TARGETED_DEVICE_FAMILY = "1,2";
				TEST_TARGET_NAME = GymBro;
			};
			name = Release;
		};
/* End XCBuildConfiguration section */

/* Begin XCConfigurationList section */
		88725C822B905E5500FA9285 /* Build configuration list for PBXProject "GymBro" */ = {
			isa = XCConfigurationList;
			buildConfigurations = (
				88725CA92B905E5600FA9285 /* Debug */,
				88725CAA2B905E5600FA9285 /* Release */,
			);
			defaultConfigurationIsVisible = 0;
			defaultConfigurationName = Release;
		};
		88725CAB2B905E5600FA9285 /* Build configuration list for PBXNativeTarget "GymBro" */ = {
			isa = XCConfigurationList;
			buildConfigurations = (
				88725CAC2B905E5600FA9285 /* Debug */,
				88725CAD2B905E5600FA9285 /* Release */,
			);
			defaultConfigurationIsVisible = 0;
			defaultConfigurationName = Release;
		};
		88725CAE2B905E5600FA9285 /* Build configuration list for PBXNativeTarget "GymBroTests" */ = {
			isa = XCConfigurationList;
			buildConfigurations = (
				88725CAF2B905E5600FA9285 /* Debug */,
				88725CB02B905E5600FA9285 /* Release */,
			);
			defaultConfigurationIsVisible = 0;
			defaultConfigurationName = Release;
		};
		88725CB12B905E5600FA9285 /* Build configuration list for PBXNativeTarget "GymBroUITests" */ = {
			isa = XCConfigurationList;
			buildConfigurations = (
				88725CB22B905E5600FA9285 /* Debug */,
				88725CB32B905E5600FA9285 /* Release */,
			);
			defaultConfigurationIsVisible = 0;
			defaultConfigurationName = Release;
		};
/* End XCConfigurationList section */
	};
	rootObject = 88725C7F2B905E5500FA9285 /* Project object */;
}
